// !$*UTF8*$!
{
	archiveVersion = 1;
	classes = {
	};
	objectVersion = 46;
	objects = {

/* Begin PBXBuildFile section */
		1C9C5B9319005EF900DC1094 /* GirinoScope.app in Resources */ = {isa = PBXBuildFile; fileRef = 1C9D3B5118FCBFD70077AE2B /* GirinoScope.app */; };
		1C9D3B5518FCBFD70077AE2B /* Cocoa.framework in Frameworks */ = {isa = PBXBuildFile; fileRef = 1C9D3B5418FCBFD70077AE2B /* Cocoa.framework */; };
		1C9D3B5F18FCBFD70077AE2B /* InfoPlist.strings in Resources */ = {isa = PBXBuildFile; fileRef = 1C9D3B5D18FCBFD70077AE2B /* InfoPlist.strings */; };
		1C9D3B6118FCBFD70077AE2B /* main.m in Sources */ = {isa = PBXBuildFile; fileRef = 1C9D3B6018FCBFD70077AE2B /* main.m */; };
		1C9D3B6518FCBFD70077AE2B /* Credits.rtf in Resources */ = {isa = PBXBuildFile; fileRef = 1C9D3B6318FCBFD70077AE2B /* Credits.rtf */; };
		1C9D3B6818FCBFD70077AE2B /* AppDelegate.m in Sources */ = {isa = PBXBuildFile; fileRef = 1C9D3B6718FCBFD70077AE2B /* AppDelegate.m */; };
		1C9D3B6B18FCBFD70077AE2B /* MainMenu.xib in Resources */ = {isa = PBXBuildFile; fileRef = 1C9D3B6918FCBFD70077AE2B /* MainMenu.xib */; };
		1C9D3B6E18FCBFD70077AE2B /* GirinoScope_Cocoa.xcdatamodeld in Sources */ = {isa = PBXBuildFile; fileRef = 1C9D3B6C18FCBFD70077AE2B /* GirinoScope_Cocoa.xcdatamodeld */; };
		1C9D3B7618FCBFF90077AE2B /* MyOpenGLView.m in Sources */ = {isa = PBXBuildFile; fileRef = 1C9D3B7518FCBFF80077AE2B /* MyOpenGLView.m */; };
		1C9D3B7918FCC0C80077AE2B /* OpenGL.framework in Frameworks */ = {isa = PBXBuildFile; fileRef = 1C9D3B7718FCC0C80077AE2B /* OpenGL.framework */; };
		1C9D3B7A18FCC0C80077AE2B /* IOKit.framework in Frameworks */ = {isa = PBXBuildFile; fileRef = 1C9D3B7818FCC0C80077AE2B /* IOKit.framework */; };
/* End PBXBuildFile section */

/* Begin PBXFileReference section */
		1C9D3B5118FCBFD70077AE2B /* GirinoScope.app */ = {isa = PBXFileReference; explicitFileType = wrapper.application; includeInIndex = 0; path = GirinoScope.app; sourceTree = BUILT_PRODUCTS_DIR; };
		1C9D3B5418FCBFD70077AE2B /* Cocoa.framework */ = {isa = PBXFileReference; lastKnownFileType = wrapper.framework; name = Cocoa.framework; path = System/Library/Frameworks/Cocoa.framework; sourceTree = SDKROOT; };
		1C9D3B5718FCBFD70077AE2B /* AppKit.framework */ = {isa = PBXFileReference; lastKnownFileType = wrapper.framework; name = AppKit.framework; path = System/Library/Frameworks/AppKit.framework; sourceTree = SDKROOT; };
		1C9D3B5818FCBFD70077AE2B /* CoreData.framework */ = {isa = PBXFileReference; lastKnownFileType = wrapper.framework; name = CoreData.framework; path = System/Library/Frameworks/CoreData.framework; sourceTree = SDKROOT; };
		1C9D3B5918FCBFD70077AE2B /* Foundation.framework */ = {isa = PBXFileReference; lastKnownFileType = wrapper.framework; name = Foundation.framework; path = System/Library/Frameworks/Foundation.framework; sourceTree = SDKROOT; };
		1C9D3B5C18FCBFD70077AE2B /* GirinoScope-Info.plist */ = {isa = PBXFileReference; lastKnownFileType = text.plist.xml; path = "GirinoScope-Info.plist"; sourceTree = "<group>"; };
		1C9D3B5E18FCBFD70077AE2B /* en */ = {isa = PBXFileReference; lastKnownFileType = text.plist.strings; name = en; path = en.lproj/InfoPlist.strings; sourceTree = "<group>"; };
		1C9D3B6018FCBFD70077AE2B /* main.m */ = {isa = PBXFileReference; lastKnownFileType = sourcecode.c.objc; path = main.m; sourceTree = "<group>"; };
		1C9D3B6218FCBFD70077AE2B /* GirinoScope-Prefix.pch */ = {isa = PBXFileReference; lastKnownFileType = sourcecode.c.h; path = "GirinoScope-Prefix.pch"; sourceTree = "<group>"; };
		1C9D3B6418FCBFD70077AE2B /* en */ = {isa = PBXFileReference; lastKnownFileType = text.rtf; name = en; path = en.lproj/Credits.rtf; sourceTree = "<group>"; };
		1C9D3B6618FCBFD70077AE2B /* AppDelegate.h */ = {isa = PBXFileReference; lastKnownFileType = sourcecode.c.h; path = AppDelegate.h; sourceTree = "<group>"; };
		1C9D3B6718FCBFD70077AE2B /* AppDelegate.m */ = {isa = PBXFileReference; lastKnownFileType = sourcecode.c.objc; path = AppDelegate.m; sourceTree = "<group>"; };
		1C9D3B6A18FCBFD70077AE2B /* en */ = {isa = PBXFileReference; lastKnownFileType = file.xib; name = en; path = en.lproj/MainMenu.xib; sourceTree = "<group>"; };
		1C9D3B6D18FCBFD70077AE2B /* GirinoScope_Cocoa.xcdatamodel */ = {isa = PBXFileReference; lastKnownFileType = wrapper.xcdatamodel; path = GirinoScope_Cocoa.xcdatamodel; sourceTree = "<group>"; };
		1C9D3B7418FCBFF80077AE2B /* MyOpenGLView.h */ = {isa = PBXFileReference; fileEncoding = 4; lastKnownFileType = sourcecode.c.h; name = MyOpenGLView.h; path = GirinoScope_Cocoa/MyOpenGLView.h; sourceTree = "<group>"; };
		1C9D3B7518FCBFF80077AE2B /* MyOpenGLView.m */ = {isa = PBXFileReference; fileEncoding = 4; lastKnownFileType = sourcecode.c.objc; name = MyOpenGLView.m; path = GirinoScope_Cocoa/MyOpenGLView.m; sourceTree = "<group>"; };
		1C9D3B7718FCC0C80077AE2B /* OpenGL.framework */ = {isa = PBXFileReference; lastKnownFileType = wrapper.framework; path = OpenGL.framework; sourceTree = "<group>"; };
		1C9D3B7818FCC0C80077AE2B /* IOKit.framework */ = {isa = PBXFileReference; lastKnownFileType = wrapper.framework; path = IOKit.framework; sourceTree = "<group>"; };
/* End PBXFileReference section */

/* Begin PBXFrameworksBuildPhase section */
		1C9D3B4E18FCBFD70077AE2B /* Frameworks */ = {
			isa = PBXFrameworksBuildPhase;
			buildActionMask = 2147483647;
			files = (
				1C9D3B5518FCBFD70077AE2B /* Cocoa.framework in Frameworks */,
				1C9D3B7918FCC0C80077AE2B /* OpenGL.framework in Frameworks */,
				1C9D3B7A18FCC0C80077AE2B /* IOKit.framework in Frameworks */,
			);
			runOnlyForDeploymentPostprocessing = 0;
		};
/* End PBXFrameworksBuildPhase section */

/* Begin PBXGroup section */
		1C9D3B4818FCBFD70077AE2B = {
			isa = PBXGroup;
			children = (
				1C9D3B7418FCBFF80077AE2B /* MyOpenGLView.h */,
				1C9D3B7518FCBFF80077AE2B /* MyOpenGLView.m */,
				1C9D3B5A18FCBFD70077AE2B /* GirinoScope_Cocoa */,
				1C9D3B5318FCBFD70077AE2B /* Frameworks */,
				1C9D3B5218FCBFD70077AE2B /* Products */,
			);
			sourceTree = "<group>";
		};
		1C9D3B5218FCBFD70077AE2B /* Products */ = {
			isa = PBXGroup;
			children = (
				1C9D3B5118FCBFD70077AE2B /* GirinoScope.app */,
			);
			name = Products;
			sourceTree = "<group>";
		};
		1C9D3B5318FCBFD70077AE2B /* Frameworks */ = {
			isa = PBXGroup;
			children = (
				1C9D3B7718FCC0C80077AE2B /* OpenGL.framework */,
				1C9D3B7818FCC0C80077AE2B /* IOKit.framework */,
				1C9D3B5418FCBFD70077AE2B /* Cocoa.framework */,
				1C9D3B5618FCBFD70077AE2B /* Other Frameworks */,
			);
			name = Frameworks;
			path = GirinoScope_Cocoa;
			sourceTree = "<group>";
		};
		1C9D3B5618FCBFD70077AE2B /* Other Frameworks */ = {
			isa = PBXGroup;
			children = (
				1C9D3B5718FCBFD70077AE2B /* AppKit.framework */,
				1C9D3B5818FCBFD70077AE2B /* CoreData.framework */,
				1C9D3B5918FCBFD70077AE2B /* Foundation.framework */,
			);
			name = "Other Frameworks";
			sourceTree = "<group>";
		};
		1C9D3B5A18FCBFD70077AE2B /* GirinoScope_Cocoa */ = {
			isa = PBXGroup;
			children = (
				1C9D3B6618FCBFD70077AE2B /* AppDelegate.h */,
				1C9D3B6718FCBFD70077AE2B /* AppDelegate.m */,
				1C9D3B6918FCBFD70077AE2B /* MainMenu.xib */,
				1C9D3B6C18FCBFD70077AE2B /* GirinoScope_Cocoa.xcdatamodeld */,
				1C9D3B5B18FCBFD70077AE2B /* Supporting Files */,
			);
			name = GirinoScope_Cocoa;
			path = GirinoScope_Cocoa/GirinoScope_Cocoa;
			sourceTree = "<group>";
		};
		1C9D3B5B18FCBFD70077AE2B /* Supporting Files */ = {
			isa = PBXGroup;
			children = (
				1C9D3B5C18FCBFD70077AE2B /* GirinoScope-Info.plist */,
				1C9D3B5D18FCBFD70077AE2B /* InfoPlist.strings */,
				1C9D3B6018FCBFD70077AE2B /* main.m */,
				1C9D3B6218FCBFD70077AE2B /* GirinoScope-Prefix.pch */,
				1C9D3B6318FCBFD70077AE2B /* Credits.rtf */,
			);
			name = "Supporting Files";
			sourceTree = "<group>";
		};
/* End PBXGroup section */

/* Begin PBXNativeTarget section */
		1C9D3B5018FCBFD70077AE2B /* GirinoScope */ = {
			isa = PBXNativeTarget;
			buildConfigurationList = 1C9D3B7118FCBFD70077AE2B /* Build configuration list for PBXNativeTarget "GirinoScope" */;
			buildPhases = (
				1C9D3B4D18FCBFD70077AE2B /* Sources */,
				1C9D3B4E18FCBFD70077AE2B /* Frameworks */,
				1C9D3B4F18FCBFD70077AE2B /* Resources */,
			);
			buildRules = (
			);
			dependencies = (
			);
			name = GirinoScope;
			productName = GirinoScope_Cocoa;
			productReference = 1C9D3B5118FCBFD70077AE2B /* GirinoScope.app */;
			productType = "com.apple.product-type.application";
		};
/* End PBXNativeTarget section */

/* Begin PBXProject section */
		1C9D3B4918FCBFD70077AE2B /* Project object */ = {
			isa = PBXProject;
			attributes = {
				LastUpgradeCheck = 0460;
				ORGANIZATIONNAME = Hitch;
			};
			buildConfigurationList = 1C9D3B4C18FCBFD70077AE2B /* Build configuration list for PBXProject "GirinoScope" */;
			compatibilityVersion = "Xcode 3.2";
			developmentRegion = English;
			hasScannedForEncodings = 0;
			knownRegions = (
				en,
			);
			mainGroup = 1C9D3B4818FCBFD70077AE2B;
			productRefGroup = 1C9D3B5218FCBFD70077AE2B /* Products */;
			projectDirPath = "";
			projectRoot = "";
			targets = (
				1C9D3B5018FCBFD70077AE2B /* GirinoScope */,
			);
		};
/* End PBXProject section */

/* Begin PBXResourcesBuildPhase section */
		1C9D3B4F18FCBFD70077AE2B /* Resources */ = {
			isa = PBXResourcesBuildPhase;
			buildActionMask = 2147483647;
			files = (
				1C9D3B5F18FCBFD70077AE2B /* InfoPlist.strings in Resources */,
				1C9D3B6518FCBFD70077AE2B /* Credits.rtf in Resources */,
				1C9D3B6B18FCBFD70077AE2B /* MainMenu.xib in Resources */,
				1C9C5B9319005EF900DC1094 /* GirinoScope.app in Resources */,
			);
			runOnlyForDeploymentPostprocessing = 0;
		};
/* End PBXResourcesBuildPhase section */

/* Begin PBXSourcesBuildPhase section */
		1C9D3B4D18FCBFD70077AE2B /* Sources */ = {
			isa = PBXSourcesBuildPhase;
			buildActionMask = 2147483647;
			files = (
				1C9D3B6118FCBFD70077AE2B /* main.m in Sources */,
				1C9D3B6818FCBFD70077AE2B /* AppDelegate.m in Sources */,
				1C9D3B6E18FCBFD70077AE2B /* GirinoScope_Cocoa.xcdatamodeld in Sources */,
				1C9D3B7618FCBFF90077AE2B /* MyOpenGLView.m in Sources */,
			);
			runOnlyForDeploymentPostprocessing = 0;
		};
/* End PBXSourcesBuildPhase section */

/* Begin PBXVariantGroup section */
		1C9D3B5D18FCBFD70077AE2B /* InfoPlist.strings */ = {
			isa = PBXVariantGroup;
			children = (
				1C9D3B5E18FCBFD70077AE2B /* en */,
			);
			name = InfoPlist.strings;
			sourceTree = "<group>";
		};
		1C9D3B6318FCBFD70077AE2B /* Credits.rtf */ = {
			isa = PBXVariantGroup;
			children = (
				1C9D3B6418FCBFD70077AE2B /* en */,
			);
			name = Credits.rtf;
			sourceTree = "<group>";
		};
		1C9D3B6918FCBFD70077AE2B /* MainMenu.xib */ = {
			isa = PBXVariantGroup;
			children = (
				1C9D3B6A18FCBFD70077AE2B /* en */,
			);
			name = MainMenu.xib;
			sourceTree = "<group>";
		};
/* End PBXVariantGroup section */

/* Begin XCBuildConfiguration section */
		1C9D3B6F18FCBFD70077AE2B /* Debug */ = {
			isa = XCBuildConfiguration;
			buildSettings = {
				ALWAYS_SEARCH_USER_PATHS = NO;
				ARCHS = "$(ARCHS_STANDARD_64_BIT)";
				CLANG_CXX_LANGUAGE_STANDARD = "gnu++0x";
				CLANG_CXX_LIBRARY = "libc++";
				CLANG_WARN_CONSTANT_CONVERSION = YES;
				CLANG_WARN_EMPTY_BODY = YES;
				CLANG_WARN_ENUM_CONVERSION = YES;
				CLANG_WARN_INT_CONVERSION = YES;
				CLANG_WARN__DUPLICATE_METHOD_MATCH = YES;
				COPY_PHASE_STRIP = NO;
				GCC_C_LANGUAGE_STANDARD = gnu99;
				GCC_DYNAMIC_NO_PIC = NO;
				GCC_ENABLE_OBJC_EXCEPTIONS = YES;
				GCC_OPTIMIZATION_LEVEL = 0;
				GCC_PREPROCESSOR_DEFINITIONS = (
					"DEBUG=1",
					"$(inherited)",
				);
				GCC_SYMBOLS_PRIVATE_EXTERN = NO;
				GCC_WARN_64_TO_32_BIT_CONVERSION = YES;
				GCC_WARN_ABOUT_RETURN_TYPE = YES;
				GCC_WARN_UNINITIALIZED_AUTOS = YES;
				GCC_WARN_UNUSED_VARIABLE = YES;
				MACOSX_DEPLOYMENT_TARGET = 10.7;
				ONLY_ACTIVE_ARCH = YES;
				SDKROOT = "";
			};
			name = Debug;
		};
		1C9D3B7018FCBFD70077AE2B /* Release */ = {
			isa = XCBuildConfiguration;
			buildSettings = {
				ALWAYS_SEARCH_USER_PATHS = NO;
				ARCHS = "$(ARCHS_STANDARD_64_BIT)";
				CLANG_CXX_LANGUAGE_STANDARD = "gnu++0x";
				CLANG_CXX_LIBRARY = "libc++";
				CLANG_WARN_CONSTANT_CONVERSION = YES;
				CLANG_WARN_EMPTY_BODY = YES;
				CLANG_WARN_ENUM_CONVERSION = YES;
				CLANG_WARN_INT_CONVERSION = YES;
				CLANG_WARN__DUPLICATE_METHOD_MATCH = YES;
				COPY_PHASE_STRIP = YES;
				DEBUG_INFORMATION_FORMAT = "dwarf-with-dsym";
				GCC_C_LANGUAGE_STANDARD = gnu99;
				GCC_ENABLE_OBJC_EXCEPTIONS = YES;
				GCC_WARN_64_TO_32_BIT_CONVERSION = YES;
				GCC_WARN_ABOUT_RETURN_TYPE = YES;
				GCC_WARN_UNINITIALIZED_AUTOS = YES;
				GCC_WARN_UNUSED_VARIABLE = YES;
				MACOSX_DEPLOYMENT_TARGET = 10.7;
				SDKROOT = "";
			};
			name = Release;
		};
		1C9D3B7218FCBFD70077AE2B /* Debug */ = {
			isa = XCBuildConfiguration;
			buildSettings = {
				COMBINE_HIDPI_IMAGES = YES;
				FRAMEWORK_SEARCH_PATHS = (
					"$(inherited)",
					"\"$(SRCROOT)\"",
				);
				GCC_PRECOMPILE_PREFIX_HEADER = YES;
				GCC_PREFIX_HEADER = "GirinoScope_Cocoa/GirinoScope-Prefix.pch";
				INFOPLIST_FILE = "$(SRCROOT)/GirinoScope_Cocoa/GirinoScope_Cocoa/GirinoScope-Info.plist";
				MACOSX_DEPLOYMENT_TARGET = 10.7;
				PRODUCT_NAME = GirinoScope;
				WRAPPER_EXTENSION = app;
			};
			name = Debug;
		};
		1C9D3B7318FCBFD70077AE2B /* Release */ = {
			isa = XCBuildConfiguration;
			buildSettings = {
				COMBINE_HIDPI_IMAGES = YES;
				FRAMEWORK_SEARCH_PATHS = (
					"$(inherited)",
					"\"$(SRCROOT)\"",
				);
				GCC_PRECOMPILE_PREFIX_HEADER = YES;
				GCC_PREFIX_HEADER = "GirinoScope_Cocoa/GirinoScope-Prefix.pch";
				INFOPLIST_FILE = "$(SRCROOT)/GirinoScope_Cocoa/GirinoScope_Cocoa/GirinoScope-Info.plist";
				MACOSX_DEPLOYMENT_TARGET = 10.7;
				PRODUCT_NAME = GirinoScope;
				WRAPPER_EXTENSION = app;
			};
			name = Release;
		};
/* End XCBuildConfiguration section */

/* Begin XCConfigurationList section */
		1C9D3B4C18FCBFD70077AE2B /* Build configuration list for PBXProject "GirinoScope" */ = {
			isa = XCConfigurationList;
			buildConfigurations = (
				1C9D3B6F18FCBFD70077AE2B /* Debug */,
				1C9D3B7018FCBFD70077AE2B /* Release */,
			);
			defaultConfigurationIsVisible = 0;
			defaultConfigurationName = Release;
		};
		1C9D3B7118FCBFD70077AE2B /* Build configuration list for PBXNativeTarget "GirinoScope" */ = {
			isa = XCConfigurationList;
			buildConfigurations = (
				1C9D3B7218FCBFD70077AE2B /* Debug */,
				1C9D3B7318FCBFD70077AE2B /* Release */,
			);
			defaultConfigurationIsVisible = 0;
			defaultConfigurationName = Release;
		};
/* End XCConfigurationList section */

/* Begin XCVersionGroup section */
		1C9D3B6C18FCBFD70077AE2B /* GirinoScope_Cocoa.xcdatamodeld */ = {
			isa = XCVersionGroup;
			children = (
				1C9D3B6D18FCBFD70077AE2B /* GirinoScope_Cocoa.xcdatamodel */,
			);
			currentVersion = 1C9D3B6D18FCBFD70077AE2B /* GirinoScope_Cocoa.xcdatamodel */;
			path = GirinoScope_Cocoa.xcdatamodeld;
			sourceTree = "<group>";
			versionGroupType = wrapper.xcdatamodel;
		};
/* End XCVersionGroup section */
	};
	rootObject = 1C9D3B4918FCBFD70077AE2B /* Project object */;
}
